
Microsoft Visual Studio Solution File, Format Version 12.00
# Visual Studio Version 17
VisualStudioVersion = 17.0.31903.59
MinimumVisualStudioVersion = 10.0.40219.1
Project("{2150E333-8FDC-42A3-9474-1A3956D46DE8}") = "src", "src", "{827E0CD3-B72D-47B6-A68D-7590B98EB39B}"
EndProject
Project("{FAE04EC0-301F-11D3-BF4B-00C04F79EFBC}") = "Countcado.Api", "src\Countcado.Api\Countcado.Api.csproj", "{54F62A4B-4B6F-4BD8-8758-3D1C4AD1D032}"
EndProject
Project("{FAE04EC0-301F-11D3-BF4B-00C04F79EFBC}") = "Countcado.Domain", "src\Countcado.Domain\Countcado.Domain.csproj", "{FEDD9BCE-B6CE-4300-84A4-D014D1DE1681}"
EndProject
Project("{FAE04EC0-301F-11D3-BF4B-00C04F79EFBC}") = "Countcado.Application", "src\Countcado.Application\Countcado.Application.csproj", "{F0844025-1E74-490C-85F2-141038672C58}"
EndProject
Project("{FAE04EC0-301F-11D3-BF4B-00C04F79EFBC}") = "Countcado.Infrastructure", "src\Countcado.Infrastructure\Countcado.Infrastructure.csproj", "{7A92EDA4-92CB-4E97-8395-86E77C54882B}"
EndProject
Global
	GlobalSection(SolutionConfigurationPlatforms) = preSolution
		Debug|Any CPU = Debug|Any CPU
		Debug|x64 = Debug|x64
		Debug|x86 = Debug|x86
		Release|Any CPU = Release|Any CPU
		Release|x64 = Release|x64
		Release|x86 = Release|x86
	EndGlobalSection
	GlobalSection(ProjectConfigurationPlatforms) = postSolution
		{54F62A4B-4B6F-4BD8-8758-3D1C4AD1D032}.Debug|Any CPU.ActiveCfg = Debug|Any CPU
		{54F62A4B-4B6F-4BD8-8758-3D1C4AD1D032}.Debug|Any CPU.Build.0 = Debug|Any CPU
		{54F62A4B-4B6F-4BD8-8758-3D1C4AD1D032}.Debug|x64.ActiveCfg = Debug|Any CPU
		{54F62A4B-4B6F-4BD8-8758-3D1C4AD1D032}.Debug|x64.Build.0 = Debug|Any CPU
		{54F62A4B-4B6F-4BD8-8758-3D1C4AD1D032}.Debug|x86.ActiveCfg = Debug|Any CPU
		{54F62A4B-4B6F-4BD8-8758-3D1C4AD1D032}.Debug|x86.Build.0 = Debug|Any CPU
		{54F62A4B-4B6F-4BD8-8758-3D1C4AD1D032}.Release|Any CPU.ActiveCfg = Release|Any CPU
		{54F62A4B-4B6F-4BD8-8758-3D1C4AD1D032}.Release|Any CPU.Build.0 = Release|Any CPU
		{54F62A4B-4B6F-4BD8-8758-3D1C4AD1D032}.Release|x64.ActiveCfg = Release|Any CPU
		{54F62A4B-4B6F-4BD8-8758-3D1C4AD1D032}.Release|x64.Build.0 = Release|Any CPU
		{54F62A4B-4B6F-4BD8-8758-3D1C4AD1D032}.Release|x86.ActiveCfg = Release|Any CPU
		{54F62A4B-4B6F-4BD8-8758-3D1C4AD1D032}.Release|x86.Build.0 = Release|Any CPU
		{FEDD9BCE-B6CE-4300-84A4-D014D1DE1681}.Debug|Any CPU.ActiveCfg = Debug|Any CPU
		{FEDD9BCE-B6CE-4300-84A4-D014D1DE1681}.Debug|Any CPU.Build.0 = Debug|Any CPU
		{FEDD9BCE-B6CE-4300-84A4-D014D1DE1681}.Debug|x64.ActiveCfg = Debug|Any CPU
		{FEDD9BCE-B6CE-4300-84A4-D014D1DE1681}.Debug|x64.Build.0 = Debug|Any CPU
		{FEDD9BCE-B6CE-4300-84A4-D014D1DE1681}.Debug|x86.ActiveCfg = Debug|Any CPU
		{FEDD9BCE-B6CE-4300-84A4-D014D1DE1681}.Debug|x86.Build.0 = Debug|Any CPU
		{FEDD9BCE-B6CE-4300-84A4-D014D1DE1681}.Release|Any CPU.ActiveCfg = Release|Any CPU
		{FEDD9BCE-B6CE-4300-84A4-D014D1DE1681}.Release|Any CPU.Build.0 = Release|Any CPU
		{FEDD9BCE-B6CE-4300-84A4-D014D1DE1681}.Release|x64.ActiveCfg = Release|Any CPU
		{FEDD9BCE-B6CE-4300-84A4-D014D1DE1681}.Release|x64.Build.0 = Release|Any CPU
		{FEDD9BCE-B6CE-4300-84A4-D014D1DE1681}.Release|x86.ActiveCfg = Release|Any CPU
		{FEDD9BCE-B6CE-4300-84A4-D014D1DE1681}.Release|x86.Build.0 = Release|Any CPU
		{F0844025-1E74-490C-85F2-141038672C58}.Debug|Any CPU.ActiveCfg = Debug|Any CPU
		{F0844025-1E74-490C-85F2-141038672C58}.Debug|Any CPU.Build.0 = Debug|Any CPU
		{F0844025-1E74-490C-85F2-141038672C58}.Debug|x64.ActiveCfg = Debug|Any CPU
		{F0844025-1E74-490C-85F2-141038672C58}.Debug|x64.Build.0 = Debug|Any CPU
		{F0844025-1E74-490C-85F2-141038672C58}.Debug|x86.ActiveCfg = Debug|Any CPU
		{F0844025-1E74-490C-85F2-141038672C58}.Debug|x86.Build.0 = Debug|Any CPU
		{F0844025-1E74-490C-85F2-141038672C58}.Release|Any CPU.ActiveCfg = Release|Any CPU
		{F0844025-1E74-490C-85F2-141038672C58}.Release|Any CPU.Build.0 = Release|Any CPU
		{F0844025-1E74-490C-85F2-141038672C58}.Release|x64.ActiveCfg = Release|Any CPU
		{F0844025-1E74-490C-85F2-141038672C58}.Release|x64.Build.0 = Release|Any CPU
		{F0844025-1E74-490C-85F2-141038672C58}.Release|x86.ActiveCfg = Release|Any CPU
		{F0844025-1E74-490C-85F2-141038672C58}.Release|x86.Build.0 = Release|Any CPU
		{7A92EDA4-92CB-4E97-8395-86E77C54882B}.Debug|Any CPU.ActiveCfg = Debug|Any CPU
		{7A92EDA4-92CB-4E97-8395-86E77C54882B}.Debug|Any CPU.Build.0 = Debug|Any CPU
		{7A92EDA4-92CB-4E97-8395-86E77C54882B}.Debug|x64.ActiveCfg = Debug|Any CPU
		{7A92EDA4-92CB-4E97-8395-86E77C54882B}.Debug|x64.Build.0 = Debug|Any CPU
		{7A92EDA4-92CB-4E97-8395-86E77C54882B}.Debug|x86.ActiveCfg = Debug|Any CPU
		{7A92EDA4-92CB-4E97-8395-86E77C54882B}.Debug|x86.Build.0 = Debug|Any CPU
		{7A92EDA4-92CB-4E97-8395-86E77C54882B}.Release|Any CPU.ActiveCfg = Release|Any CPU
		{7A92EDA4-92CB-4E97-8395-86E77C54882B}.Release|Any CPU.Build.0 = Release|Any CPU
		{7A92EDA4-92CB-4E97-8395-86E77C54882B}.Release|x64.ActiveCfg = Release|Any CPU
		{7A92EDA4-92CB-4E97-8395-86E77C54882B}.Release|x64.Build.0 = Release|Any CPU
		{7A92EDA4-92CB-4E97-8395-86E77C54882B}.Release|x86.ActiveCfg = Release|Any CPU
		{7A92EDA4-92CB-4E97-8395-86E77C54882B}.Release|x86.Build.0 = Release|Any CPU
	EndGlobalSection
	GlobalSection(SolutionProperties) = preSolution
		HideSolutionNode = FALSE
	EndGlobalSection
	GlobalSection(NestedProjects) = preSolution
		{54F62A4B-4B6F-4BD8-8758-3D1C4AD1D032} = {827E0CD3-B72D-47B6-A68D-7590B98EB39B}
		{FEDD9BCE-B6CE-4300-84A4-D014D1DE1681} = {827E0CD3-B72D-47B6-A68D-7590B98EB39B}
		{F0844025-1E74-490C-85F2-141038672C58} = {827E0CD3-B72D-47B6-A68D-7590B98EB39B}
		{7A92EDA4-92CB-4E97-8395-86E77C54882B} = {827E0CD3-B72D-47B6-A68D-7590B98EB39B}
	EndGlobalSection
EndGlobal
